
Microsoft Visual Studio Solution File, Format Version 12.00
# Visual Studio Version 17
VisualStudioVersion = 17.0.31903.59
MinimumVisualStudioVersion = 10.0.40219.1
Project("{9A19103F-16F7-4668-BE54-9A1E7A4F7556}") = "GestioneSagre.Web.App", "src\GestioneSagre.Web.App\GestioneSagre.Web.App.csproj", "{67FC298B-0EE5-48CA-81EF-1F26AFAA4360}"
EndProject
Project("{2150E333-8FDC-42A3-9474-1A3956D46DE8}") = "Bounded Contexts", "Bounded Contexts", "{1573E590-B55A-42B5-BADA-E3828643CA4B}"
EndProject
Project("{2150E333-8FDC-42A3-9474-1A3956D46DE8}") = "Utility", "Utility", "{683F70CE-CBE8-4B0E-B3DD-F340122F82B0}"
EndProject
Project("{2150E333-8FDC-42A3-9474-1A3956D46DE8}") = "API", "API", "{BB936311-DBF4-4956-BD06-393BF34BCEA7}"
EndProject
Project("{9A19103F-16F7-4668-BE54-9A1E7A4F7556}") = "GestioneSagre.Utility.Web.Api.Public", "src\GestioneSagre.Utility.Web.Api.Public\GestioneSagre.Utility.Web.Api.Public.csproj", "{397120CA-B5EF-4A49-AA21-15BBAEC09B67}"
EndProject
Project("{9A19103F-16F7-4668-BE54-9A1E7A4F7556}") = "GestioneSagre.Utility.CommandStack", "src\GestioneSagre.Utility.CommandStack\GestioneSagre.Utility.CommandStack.csproj", "{F301D670-F774-4F35-AFD1-0D0F7684728E}"
EndProject
Project("{9A19103F-16F7-4668-BE54-9A1E7A4F7556}") = "GestioneSagre.Utility.QueryStack", "src\GestioneSagre.Utility.QueryStack\GestioneSagre.Utility.QueryStack.csproj", "{7907DD5E-8FF2-4662-B413-3B400315DC72}"
EndProject
Project("{9A19103F-16F7-4668-BE54-9A1E7A4F7556}") = "GestioneSagre.Utility.Domain", "src\GestioneSagre.Utility.Domain\GestioneSagre.Utility.Domain.csproj", "{4E3CBD7F-E270-4E00-A6EC-B05C2C7C1347}"
EndProject
Project("{9A19103F-16F7-4668-BE54-9A1E7A4F7556}") = "GestioneSagre.Utility.Infrastructure", "src\GestioneSagre.Utility.Infrastructure\GestioneSagre.Utility.Infrastructure.csproj", "{FF3C4A26-8D09-43FA-A0F0-FCF8EFF31995}"
EndProject
Project("{9A19103F-16F7-4668-BE54-9A1E7A4F7556}") = "GestioneSagre.Utility.Business", "src\GestioneSagre.Utility.Business\GestioneSagre.Utility.Business.csproj", "{9466D9DD-91AD-45F7-9FDE-CAF5BF9B509B}"
EndProject
Project("{9A19103F-16F7-4668-BE54-9A1E7A4F7556}") = "GestioneSagre.Web", "src\GestioneSagre.Web\GestioneSagre.Web.csproj", "{C5E5AA1F-772E-4BD8-B2DE-51E5E866E43E}"
EndProject
Project("{2150E333-8FDC-42A3-9474-1A3956D46DE8}") = "Elementi di soluzione", "Elementi di soluzione", "{BB7460B3-5534-4D56-8552-88E95A0B574C}"
	ProjectSection(SolutionItems) = preProject
		.editorconfig = .editorconfig
		App-Ports.txt = App-Ports.txt
		LICENSE = LICENSE
		README.md = README.md
	EndProjectSection
EndProject
Project("{9A19103F-16F7-4668-BE54-9A1E7A4F7556}") = "GestioneSagre.Shared", "src\GestioneSagre.Shared\GestioneSagre.Shared.csproj", "{9090A044-F357-453D-A0F6-177C86BCBB4C}"
EndProject
Project("{9A19103F-16F7-4668-BE54-9A1E7A4F7556}") = "GestioneSagre.Utility.WorkerServices", "src\GestioneSagre.Utility.WorkerServices\GestioneSagre.Utility.WorkerServices.csproj", "{FB3A9C98-0E3D-4ED7-AD29-0CF35637B89A}"
EndProject
Project("{2150E333-8FDC-42A3-9474-1A3956D46DE8}") = "Tools", "Tools", "{A6C8E487-7168-4889-A659-4C78ED49B0C9}"
EndProject
Project("{9A19103F-16F7-4668-BE54-9A1E7A4F7556}") = "GestioneSagre.Utility.Web.Api.Internal", "src\GestioneSagre.Utility.Web.Api.Internal\GestioneSagre.Utility.Web.Api.Internal.csproj", "{50E08F3C-D276-4D4B-A341-EA50B5CECA37}"
EndProject
Project("{9A19103F-16F7-4668-BE54-9A1E7A4F7556}") = "GestioneSagre.Tools.MailKit", "src\GestioneSagre.Tools.MailKit\GestioneSagre.Tools.MailKit.csproj", "{6787E2AC-0177-4BCF-8526-C877AF7D5E50}"
EndProject
Project("{9A19103F-16F7-4668-BE54-9A1E7A4F7556}") = "GestioneSagre.Tools.RabbitMQ", "src\GestioneSagre.Tools.RabbitMQ\GestioneSagre.Tools.RabbitMQ.csproj", "{A418A495-DA37-4162-A175-A9E885A9C8A8}"
EndProject
Project("{9A19103F-16F7-4668-BE54-9A1E7A4F7556}") = "GestioneSagre.Utility.Core", "src\GestioneSagre.Utility.Core\GestioneSagre.Utility.Core.csproj", "{33D7DF04-F829-4C07-8008-BF9380C7369A}"
EndProject
Global
	GlobalSection(SolutionConfigurationPlatforms) = preSolution
		Debug|Any CPU = Debug|Any CPU
		Release|Any CPU = Release|Any CPU
	EndGlobalSection
	GlobalSection(ProjectConfigurationPlatforms) = postSolution
		{67FC298B-0EE5-48CA-81EF-1F26AFAA4360}.Debug|Any CPU.ActiveCfg = Debug|Any CPU
		{67FC298B-0EE5-48CA-81EF-1F26AFAA4360}.Debug|Any CPU.Build.0 = Debug|Any CPU
		{67FC298B-0EE5-48CA-81EF-1F26AFAA4360}.Release|Any CPU.ActiveCfg = Release|Any CPU
		{67FC298B-0EE5-48CA-81EF-1F26AFAA4360}.Release|Any CPU.Build.0 = Release|Any CPU
		{397120CA-B5EF-4A49-AA21-15BBAEC09B67}.Debug|Any CPU.ActiveCfg = Debug|Any CPU
		{397120CA-B5EF-4A49-AA21-15BBAEC09B67}.Debug|Any CPU.Build.0 = Debug|Any CPU
		{397120CA-B5EF-4A49-AA21-15BBAEC09B67}.Release|Any CPU.ActiveCfg = Release|Any CPU
		{397120CA-B5EF-4A49-AA21-15BBAEC09B67}.Release|Any CPU.Build.0 = Release|Any CPU
		{F301D670-F774-4F35-AFD1-0D0F7684728E}.Debug|Any CPU.ActiveCfg = Debug|Any CPU
		{F301D670-F774-4F35-AFD1-0D0F7684728E}.Debug|Any CPU.Build.0 = Debug|Any CPU
		{F301D670-F774-4F35-AFD1-0D0F7684728E}.Release|Any CPU.ActiveCfg = Release|Any CPU
		{F301D670-F774-4F35-AFD1-0D0F7684728E}.Release|Any CPU.Build.0 = Release|Any CPU
		{7907DD5E-8FF2-4662-B413-3B400315DC72}.Debug|Any CPU.ActiveCfg = Debug|Any CPU
		{7907DD5E-8FF2-4662-B413-3B400315DC72}.Debug|Any CPU.Build.0 = Debug|Any CPU
		{7907DD5E-8FF2-4662-B413-3B400315DC72}.Release|Any CPU.ActiveCfg = Release|Any CPU
		{7907DD5E-8FF2-4662-B413-3B400315DC72}.Release|Any CPU.Build.0 = Release|Any CPU
		{4E3CBD7F-E270-4E00-A6EC-B05C2C7C1347}.Debug|Any CPU.ActiveCfg = Debug|Any CPU
		{4E3CBD7F-E270-4E00-A6EC-B05C2C7C1347}.Debug|Any CPU.Build.0 = Debug|Any CPU
		{4E3CBD7F-E270-4E00-A6EC-B05C2C7C1347}.Release|Any CPU.ActiveCfg = Release|Any CPU
		{4E3CBD7F-E270-4E00-A6EC-B05C2C7C1347}.Release|Any CPU.Build.0 = Release|Any CPU
		{FF3C4A26-8D09-43FA-A0F0-FCF8EFF31995}.Debug|Any CPU.ActiveCfg = Debug|Any CPU
		{FF3C4A26-8D09-43FA-A0F0-FCF8EFF31995}.Debug|Any CPU.Build.0 = Debug|Any CPU
		{FF3C4A26-8D09-43FA-A0F0-FCF8EFF31995}.Release|Any CPU.ActiveCfg = Release|Any CPU
		{FF3C4A26-8D09-43FA-A0F0-FCF8EFF31995}.Release|Any CPU.Build.0 = Release|Any CPU
		{9466D9DD-91AD-45F7-9FDE-CAF5BF9B509B}.Debug|Any CPU.ActiveCfg = Debug|Any CPU
		{9466D9DD-91AD-45F7-9FDE-CAF5BF9B509B}.Debug|Any CPU.Build.0 = Debug|Any CPU
		{9466D9DD-91AD-45F7-9FDE-CAF5BF9B509B}.Release|Any CPU.ActiveCfg = Release|Any CPU
		{9466D9DD-91AD-45F7-9FDE-CAF5BF9B509B}.Release|Any CPU.Build.0 = Release|Any CPU
		{C5E5AA1F-772E-4BD8-B2DE-51E5E866E43E}.Debug|Any CPU.ActiveCfg = Debug|Any CPU
		{C5E5AA1F-772E-4BD8-B2DE-51E5E866E43E}.Debug|Any CPU.Build.0 = Debug|Any CPU
		{C5E5AA1F-772E-4BD8-B2DE-51E5E866E43E}.Release|Any CPU.ActiveCfg = Release|Any CPU
		{C5E5AA1F-772E-4BD8-B2DE-51E5E866E43E}.Release|Any CPU.Build.0 = Release|Any CPU
		{9090A044-F357-453D-A0F6-177C86BCBB4C}.Debug|Any CPU.ActiveCfg = Debug|Any CPU
		{9090A044-F357-453D-A0F6-177C86BCBB4C}.Debug|Any CPU.Build.0 = Debug|Any CPU
		{9090A044-F357-453D-A0F6-177C86BCBB4C}.Release|Any CPU.ActiveCfg = Release|Any CPU
		{9090A044-F357-453D-A0F6-177C86BCBB4C}.Release|Any CPU.Build.0 = Release|Any CPU
		{FB3A9C98-0E3D-4ED7-AD29-0CF35637B89A}.Debug|Any CPU.ActiveCfg = Debug|Any CPU
		{FB3A9C98-0E3D-4ED7-AD29-0CF35637B89A}.Debug|Any CPU.Build.0 = Debug|Any CPU
		{FB3A9C98-0E3D-4ED7-AD29-0CF35637B89A}.Release|Any CPU.ActiveCfg = Release|Any CPU
		{FB3A9C98-0E3D-4ED7-AD29-0CF35637B89A}.Release|Any CPU.Build.0 = Release|Any CPU
		{50E08F3C-D276-4D4B-A341-EA50B5CECA37}.Debug|Any CPU.ActiveCfg = Debug|Any CPU
		{50E08F3C-D276-4D4B-A341-EA50B5CECA37}.Debug|Any CPU.Build.0 = Debug|Any CPU
		{50E08F3C-D276-4D4B-A341-EA50B5CECA37}.Release|Any CPU.ActiveCfg = Release|Any CPU
		{50E08F3C-D276-4D4B-A341-EA50B5CECA37}.Release|Any CPU.Build.0 = Release|Any CPU
		{6787E2AC-0177-4BCF-8526-C877AF7D5E50}.Debug|Any CPU.ActiveCfg = Debug|Any CPU
		{6787E2AC-0177-4BCF-8526-C877AF7D5E50}.Debug|Any CPU.Build.0 = Debug|Any CPU
		{6787E2AC-0177-4BCF-8526-C877AF7D5E50}.Release|Any CPU.ActiveCfg = Release|Any CPU
		{6787E2AC-0177-4BCF-8526-C877AF7D5E50}.Release|Any CPU.Build.0 = Release|Any CPU
		{A418A495-DA37-4162-A175-A9E885A9C8A8}.Debug|Any CPU.ActiveCfg = Debug|Any CPU
		{A418A495-DA37-4162-A175-A9E885A9C8A8}.Debug|Any CPU.Build.0 = Debug|Any CPU
		{A418A495-DA37-4162-A175-A9E885A9C8A8}.Release|Any CPU.ActiveCfg = Release|Any CPU
		{A418A495-DA37-4162-A175-A9E885A9C8A8}.Release|Any CPU.Build.0 = Release|Any CPU
		{33D7DF04-F829-4C07-8008-BF9380C7369A}.Debug|Any CPU.ActiveCfg = Debug|Any CPU
		{33D7DF04-F829-4C07-8008-BF9380C7369A}.Debug|Any CPU.Build.0 = Debug|Any CPU
		{33D7DF04-F829-4C07-8008-BF9380C7369A}.Release|Any CPU.ActiveCfg = Release|Any CPU
		{33D7DF04-F829-4C07-8008-BF9380C7369A}.Release|Any CPU.Build.0 = Release|Any CPU
	EndGlobalSection
	GlobalSection(SolutionProperties) = preSolution
		HideSolutionNode = FALSE
	EndGlobalSection
	GlobalSection(NestedProjects) = preSolution
		{683F70CE-CBE8-4B0E-B3DD-F340122F82B0} = {1573E590-B55A-42B5-BADA-E3828643CA4B}
		{BB936311-DBF4-4956-BD06-393BF34BCEA7} = {683F70CE-CBE8-4B0E-B3DD-F340122F82B0}
		{397120CA-B5EF-4A49-AA21-15BBAEC09B67} = {BB936311-DBF4-4956-BD06-393BF34BCEA7}
		{F301D670-F774-4F35-AFD1-0D0F7684728E} = {683F70CE-CBE8-4B0E-B3DD-F340122F82B0}
		{7907DD5E-8FF2-4662-B413-3B400315DC72} = {683F70CE-CBE8-4B0E-B3DD-F340122F82B0}
		{4E3CBD7F-E270-4E00-A6EC-B05C2C7C1347} = {683F70CE-CBE8-4B0E-B3DD-F340122F82B0}
		{FF3C4A26-8D09-43FA-A0F0-FCF8EFF31995} = {683F70CE-CBE8-4B0E-B3DD-F340122F82B0}
		{9466D9DD-91AD-45F7-9FDE-CAF5BF9B509B} = {683F70CE-CBE8-4B0E-B3DD-F340122F82B0}
		{FB3A9C98-0E3D-4ED7-AD29-0CF35637B89A} = {683F70CE-CBE8-4B0E-B3DD-F340122F82B0}
		{50E08F3C-D276-4D4B-A341-EA50B5CECA37} = {BB936311-DBF4-4956-BD06-393BF34BCEA7}
		{6787E2AC-0177-4BCF-8526-C877AF7D5E50} = {A6C8E487-7168-4889-A659-4C78ED49B0C9}
		{A418A495-DA37-4162-A175-A9E885A9C8A8} = {A6C8E487-7168-4889-A659-4C78ED49B0C9}
		{33D7DF04-F829-4C07-8008-BF9380C7369A} = {683F70CE-CBE8-4B0E-B3DD-F340122F82B0}
	EndGlobalSection
	GlobalSection(ExtensibilityGlobals) = postSolution
		SolutionGuid = {27DBCE8D-BC67-45EE-A426-7B8CDD3BB5F8}
	EndGlobalSection
EndGlobal
